// !$*UTF8*$!
{
	archiveVersion = 1;
	classes = {
	};
	objectVersion = 56;
	objects = {

/* Begin PBXBuildFile section */
		7EF42A682CDEF68200BED377 /* PorValenciaApp.swift in Sources */ = {isa = PBXBuildFile; fileRef = 7EF42A672CDEF68200BED377 /* PorValenciaApp.swift */; };
		7EF42A6A2CDEF68200BED377 /* ContentView.swift in Sources */ = {isa = PBXBuildFile; fileRef = 7EF42A692CDEF68200BED377 /* ContentView.swift */; };
		7EF42A6C2CDEF68300BED377 /* Assets.xcassets in Resources */ = {isa = PBXBuildFile; fileRef = 7EF42A6B2CDEF68300BED377 /* Assets.xcassets */; };
		7EF42A702CDEF68300BED377 /* Preview Assets.xcassets in Resources */ = {isa = PBXBuildFile; fileRef = 7EF42A6F2CDEF68300BED377 /* Preview Assets.xcassets */; };
		7EF42A7A2CDEF68300BED377 /* PorValenciaTests.swift in Sources */ = {isa = PBXBuildFile; fileRef = 7EF42A792CDEF68300BED377 /* PorValenciaTests.swift */; };
		7EF42A842CDEF68300BED377 /* PorValenciaUITests.swift in Sources */ = {isa = PBXBuildFile; fileRef = 7EF42A832CDEF68300BED377 /* PorValenciaUITests.swift */; };
		7EF42A862CDEF68300BED377 /* PorValenciaUITestsLaunchTests.swift in Sources */ = {isa = PBXBuildFile; fileRef = 7EF42A852CDEF68300BED377 /* PorValenciaUITestsLaunchTests.swift */; };
/* End PBXBuildFile section */

/* Begin PBXContainerItemProxy section */
		7EF42A762CDEF68300BED377 /* PBXContainerItemProxy */ = {
			isa = PBXContainerItemProxy;
			containerPortal = 7EF42A5C2CDEF68200BED377 /* Project object */;
			proxyType = 1;
			remoteGlobalIDString = 7EF42A632CDEF68200BED377;
			remoteInfo = PorValencia;
		};
		7EF42A802CDEF68300BED377 /* PBXContainerItemProxy */ = {
			isa = PBXContainerItemProxy;
			containerPortal = 7EF42A5C2CDEF68200BED377 /* Project object */;
			proxyType = 1;
			remoteGlobalIDString = 7EF42A632CDEF68200BED377;
			remoteInfo = PorValencia;
		};
/* End PBXContainerItemProxy section */

/* Begin PBXFileReference section */
		7EF42A642CDEF68200BED377 /* PorValencia.app */ = {isa = PBXFileReference; explicitFileType = wrapper.application; includeInIndex = 0; path = PorValencia.app; sourceTree = BUILT_PRODUCTS_DIR; };
		7EF42A672CDEF68200BED377 /* PorValenciaApp.swift */ = {isa = PBXFileReference; lastKnownFileType = sourcecode.swift; path = PorValenciaApp.swift; sourceTree = "<group>"; };
		7EF42A692CDEF68200BED377 /* ContentView.swift */ = {isa = PBXFileReference; lastKnownFileType = sourcecode.swift; path = ContentView.swift; sourceTree = "<group>"; };
		7EF42A6B2CDEF68300BED377 /* Assets.xcassets */ = {isa = PBXFileReference; lastKnownFileType = folder.assetcatalog; path = Assets.xcassets; sourceTree = "<group>"; };
		7EF42A6D2CDEF68300BED377 /* PorValencia.entitlements */ = {isa = PBXFileReference; lastKnownFileType = text.plist.entitlements; path = PorValencia.entitlements; sourceTree = "<group>"; };
		7EF42A6F2CDEF68300BED377 /* Preview Assets.xcassets */ = {isa = PBXFileReference; lastKnownFileType = folder.assetcatalog; path = "Preview Assets.xcassets"; sourceTree = "<group>"; };
		7EF42A752CDEF68300BED377 /* PorValenciaTests.xctest */ = {isa = PBXFileReference; explicitFileType = wrapper.cfbundle; includeInIndex = 0; path = PorValenciaTests.xctest; sourceTree = BUILT_PRODUCTS_DIR; };
		7EF42A792CDEF68300BED377 /* PorValenciaTests.swift */ = {isa = PBXFileReference; lastKnownFileType = sourcecode.swift; path = PorValenciaTests.swift; sourceTree = "<group>"; };
		7EF42A7F2CDEF68300BED377 /* PorValenciaUITests.xctest */ = {isa = PBXFileReference; explicitFileType = wrapper.cfbundle; includeInIndex = 0; path = PorValenciaUITests.xctest; sourceTree = BUILT_PRODUCTS_DIR; };
		7EF42A832CDEF68300BED377 /* PorValenciaUITests.swift */ = {isa = PBXFileReference; lastKnownFileType = sourcecode.swift; path = PorValenciaUITests.swift; sourceTree = "<group>"; };
		7EF42A852CDEF68300BED377 /* PorValenciaUITestsLaunchTests.swift */ = {isa = PBXFileReference; lastKnownFileType = sourcecode.swift; path = PorValenciaUITestsLaunchTests.swift; sourceTree = "<group>"; };
/* End PBXFileReference section */

/* Begin PBXFrameworksBuildPhase section */
		7EF42A612CDEF68200BED377 /* Frameworks */ = {
			isa = PBXFrameworksBuildPhase;
			buildActionMask = 2147483647;
			files = (
			);
			runOnlyForDeploymentPostprocessing = 0;
		};
		7EF42A722CDEF68300BED377 /* Frameworks */ = {
			isa = PBXFrameworksBuildPhase;
			buildActionMask = 2147483647;
			files = (
			);
			runOnlyForDeploymentPostprocessing = 0;
		};
		7EF42A7C2CDEF68300BED377 /* Frameworks */ = {
			isa = PBXFrameworksBuildPhase;
			buildActionMask = 2147483647;
			files = (
			);
			runOnlyForDeploymentPostprocessing = 0;
		};
/* End PBXFrameworksBuildPhase section */

/* Begin PBXGroup section */
		7EF42A5B2CDEF68200BED377 = {
			isa = PBXGroup;
			children = (
				7EF42A662CDEF68200BED377 /* PorValencia */,
				7EF42A782CDEF68300BED377 /* PorValenciaTests */,
				7EF42A822CDEF68300BED377 /* PorValenciaUITests */,
				7EF42A652CDEF68200BED377 /* Products */,
			);
			sourceTree = "<group>";
		};
		7EF42A652CDEF68200BED377 /* Products */ = {
			isa = PBXGroup;
			children = (
				7EF42A642CDEF68200BED377 /* PorValencia.app */,
				7EF42A752CDEF68300BED377 /* PorValenciaTests.xctest */,
				7EF42A7F2CDEF68300BED377 /* PorValenciaUITests.xctest */,
			);
			name = Products;
			sourceTree = "<group>";
		};
		7EF42A662CDEF68200BED377 /* PorValencia */ = {
			isa = PBXGroup;
			children = (
				7EF42A672CDEF68200BED377 /* PorValenciaApp.swift */,
				7EF42A692CDEF68200BED377 /* ContentView.swift */,
				7EF42A6B2CDEF68300BED377 /* Assets.xcassets */,
				7EF42A6D2CDEF68300BED377 /* PorValencia.entitlements */,
				7EF42A6E2CDEF68300BED377 /* Preview Content */,
			);
			path = PorValencia;
			sourceTree = "<group>";
		};
		7EF42A6E2CDEF68300BED377 /* Preview Content */ = {
			isa = PBXGroup;
			children = (
				7EF42A6F2CDEF68300BED377 /* Preview Assets.xcassets */,
			);
			path = "Preview Content";
			sourceTree = "<group>";
		};
		7EF42A782CDEF68300BED377 /* PorValenciaTests */ = {
			isa = PBXGroup;
			children = (
				7EF42A792CDEF68300BED377 /* PorValenciaTests.swift */,
			);
			path = PorValenciaTests;
			sourceTree = "<group>";
		};
		7EF42A822CDEF68300BED377 /* PorValenciaUITests */ = {
			isa = PBXGroup;
			children = (
				7EF42A832CDEF68300BED377 /* PorValenciaUITests.swift */,
				7EF42A852CDEF68300BED377 /* PorValenciaUITestsLaunchTests.swift */,
			);
			path = PorValenciaUITests;
			sourceTree = "<group>";
		};
/* End PBXGroup section */

/* Begin PBXNativeTarget section */
		7EF42A632CDEF68200BED377 /* PorValencia */ = {
			isa = PBXNativeTarget;
			buildConfigurationList = 7EF42A892CDEF68300BED377 /* Build configuration list for PBXNativeTarget "PorValencia" */;
			buildPhases = (
				7EF42A602CDEF68200BED377 /* Sources */,
				7EF42A612CDEF68200BED377 /* Frameworks */,
				7EF42A622CDEF68200BED377 /* Resources */,
			);
			buildRules = (
			);
			dependencies = (
			);
			name = PorValencia;
			productName = PorValencia;
			productReference = 7EF42A642CDEF68200BED377 /* PorValencia.app */;
			productType = "com.apple.product-type.application";
		};
		7EF42A742CDEF68300BED377 /* PorValenciaTests */ = {
			isa = PBXNativeTarget;
			buildConfigurationList = 7EF42A8C2CDEF68300BED377 /* Build configuration list for PBXNativeTarget "PorValenciaTests" */;
			buildPhases = (
				7EF42A712CDEF68300BED377 /* Sources */,
				7EF42A722CDEF68300BED377 /* Frameworks */,
				7EF42A732CDEF68300BED377 /* Resources */,
			);
			buildRules = (
			);
			dependencies = (
				7EF42A772CDEF68300BED377 /* PBXTargetDependency */,
			);
			name = PorValenciaTests;
			productName = PorValenciaTests;
			productReference = 7EF42A752CDEF68300BED377 /* PorValenciaTests.xctest */;
			productType = "com.apple.product-type.bundle.unit-test";
		};
		7EF42A7E2CDEF68300BED377 /* PorValenciaUITests */ = {
			isa = PBXNativeTarget;
			buildConfigurationList = 7EF42A8F2CDEF68300BED377 /* Build configuration list for PBXNativeTarget "PorValenciaUITests" */;
			buildPhases = (
				7EF42A7B2CDEF68300BED377 /* Sources */,
				7EF42A7C2CDEF68300BED377 /* Frameworks */,
				7EF42A7D2CDEF68300BED377 /* Resources */,
			);
			buildRules = (
			);
			dependencies = (
				7EF42A812CDEF68300BED377 /* PBXTargetDependency */,
			);
			name = PorValenciaUITests;
			productName = PorValenciaUITests;
			productReference = 7EF42A7F2CDEF68300BED377 /* PorValenciaUITests.xctest */;
			productType = "com.apple.product-type.bundle.ui-testing";
		};
/* End PBXNativeTarget section */

/* Begin PBXProject section */
		7EF42A5C2CDEF68200BED377 /* Project object */ = {
			isa = PBXProject;
			attributes = {
				BuildIndependentTargetsInParallel = 1;
				LastSwiftUpdateCheck = 1540;
				LastUpgradeCheck = 1540;
				TargetAttributes = {
					7EF42A632CDEF68200BED377 = {
						CreatedOnToolsVersion = 15.4;
					};
					7EF42A742CDEF68300BED377 = {
						CreatedOnToolsVersion = 15.4;
						TestTargetID = 7EF42A632CDEF68200BED377;
					};
					7EF42A7E2CDEF68300BED377 = {
						CreatedOnToolsVersion = 15.4;
						TestTargetID = 7EF42A632CDEF68200BED377;
					};
				};
			};
			buildConfigurationList = 7EF42A5F2CDEF68200BED377 /* Build configuration list for PBXProject "PorValencia" */;
			compatibilityVersion = "Xcode 14.0";
			developmentRegion = en;
			hasScannedForEncodings = 0;
			knownRegions = (
				en,
				Base,
			);
			mainGroup = 7EF42A5B2CDEF68200BED377;
			productRefGroup = 7EF42A652CDEF68200BED377 /* Products */;
			projectDirPath = "";
			projectRoot = "";
			targets = (
				7EF42A632CDEF68200BED377 /* PorValencia */,
				7EF42A742CDEF68300BED377 /* PorValenciaTests */,
				7EF42A7E2CDEF68300BED377 /* PorValenciaUITests */,
			);
		};
/* End PBXProject section */

/* Begin PBXResourcesBuildPhase section */
		7EF42A622CDEF68200BED377 /* Resources */ = {
			isa = PBXResourcesBuildPhase;
			buildActionMask = 2147483647;
			files = (
				7EF42A702CDEF68300BED377 /* Preview Assets.xcassets in Resources */,
				7EF42A6C2CDEF68300BED377 /* Assets.xcassets in Resources */,
			);
			runOnlyForDeploymentPostprocessing = 0;
		};
		7EF42A732CDEF68300BED377 /* Resources */ = {
			isa = PBXResourcesBuildPhase;
			buildActionMask = 2147483647;
			files = (
			);
			runOnlyForDeploymentPostprocessing = 0;
		};
		7EF42A7D2CDEF68300BED377 /* Resources */ = {
			isa = PBXResourcesBuildPhase;
			buildActionMask = 2147483647;
			files = (
			);
			runOnlyForDeploymentPostprocessing = 0;
		};
/* End PBXResourcesBuildPhase section */

/* Begin PBXSourcesBuildPhase section */
		7EF42A602CDEF68200BED377 /* Sources */ = {
			isa = PBXSourcesBuildPhase;
			buildActionMask = 2147483647;
			files = (
				7EF42A6A2CDEF68200BED377 /* ContentView.swift in Sources */,
				7EF42A682CDEF68200BED377 /* PorValenciaApp.swift in Sources */,
			);
			runOnlyForDeploymentPostprocessing = 0;
		};
		7EF42A712CDEF68300BED377 /* Sources */ = {
			isa = PBXSourcesBuildPhase;
			buildActionMask = 2147483647;
			files = (
				7EF42A7A2CDEF68300BED377 /* PorValenciaTests.swift in Sources */,
			);
			runOnlyForDeploymentPostprocessing = 0;
		};
		7EF42A7B2CDEF68300BED377 /* Sources */ = {
			isa = PBXSourcesBuildPhase;
			buildActionMask = 2147483647;
			files = (
				7EF42A842CDEF68300BED377 /* PorValenciaUITests.swift in Sources */,
				7EF42A862CDEF68300BED377 /* PorValenciaUITestsLaunchTests.swift in Sources */,
			);
			runOnlyForDeploymentPostprocessing = 0;
		};
/* End PBXSourcesBuildPhase section */

/* Begin PBXTargetDependency section */
		7EF42A772CDEF68300BED377 /* PBXTargetDependency */ = {
			isa = PBXTargetDependency;
			target = 7EF42A632CDEF68200BED377 /* PorValencia */;
			targetProxy = 7EF42A762CDEF68300BED377 /* PBXContainerItemProxy */;
		};
		7EF42A812CDEF68300BED377 /* PBXTargetDependency */ = {
			isa = PBXTargetDependency;
			target = 7EF42A632CDEF68200BED377 /* PorValencia */;
			targetProxy = 7EF42A802CDEF68300BED377 /* PBXContainerItemProxy */;
		};
/* End PBXTargetDependency section */

/* Begin XCBuildConfiguration section */
		7EF42A872CDEF68300BED377 /* Debug */ = {
			isa = XCBuildConfiguration;
			buildSettings = {
				ALWAYS_SEARCH_USER_PATHS = NO;
				ASSETCATALOG_COMPILER_GENERATE_SWIFT_ASSET_SYMBOL_EXTENSIONS = YES;
				CLANG_ANALYZER_NONNULL = YES;
				CLANG_ANALYZER_NUMBER_OBJECT_CONVERSION = YES_AGGRESSIVE;
				CLANG_CXX_LANGUAGE_STANDARD = "gnu++20";
				CLANG_ENABLE_MODULES = YES;
				CLANG_ENABLE_OBJC_ARC = YES;
				CLANG_ENABLE_OBJC_WEAK = YES;
				CLANG_WARN_BLOCK_CAPTURE_AUTORELEASING = YES;
				CLANG_WARN_BOOL_CONVERSION = YES;
				CLANG_WARN_COMMA = YES;
				CLANG_WARN_CONSTANT_CONVERSION = YES;
				CLANG_WARN_DEPRECATED_OBJC_IMPLEMENTATIONS = YES;
				CLANG_WARN_DIRECT_OBJC_ISA_USAGE = YES_ERROR;
				CLANG_WARN_DOCUMENTATION_COMMENTS = YES;
				CLANG_WARN_EMPTY_BODY = YES;
				CLANG_WARN_ENUM_CONVERSION = YES;
				CLANG_WARN_INFINITE_RECURSION = YES;
				CLANG_WARN_INT_CONVERSION = YES;
				CLANG_WARN_NON_LITERAL_NULL_CONVERSION = YES;
				CLANG_WARN_OBJC_IMPLICIT_RETAIN_SELF = YES;
				CLANG_WARN_OBJC_LITERAL_CONVERSION = YES;
				CLANG_WARN_OBJC_ROOT_CLASS = YES_ERROR;
				CLANG_WARN_QUOTED_INCLUDE_IN_FRAMEWORK_HEADER = YES;
				CLANG_WARN_RANGE_LOOP_ANALYSIS = YES;
				CLANG_WARN_STRICT_PROTOTYPES = YES;
				CLANG_WARN_SUSPICIOUS_MOVE = YES;
				CLANG_WARN_UNGUARDED_AVAILABILITY = YES_AGGRESSIVE;
				CLANG_WARN_UNREACHABLE_CODE = YES;
				CLANG_WARN__DUPLICATE_METHOD_MATCH = YES;
				COPY_PHASE_STRIP = NO;
				DEBUG_INFORMATION_FORMAT = dwarf;
				ENABLE_STRICT_OBJC_MSGSEND = YES;
				ENABLE_TESTABILITY = YES;
				ENABLE_USER_SCRIPT_SANDBOXING = YES;
				GCC_C_LANGUAGE_STANDARD = gnu17;
				GCC_DYNAMIC_NO_PIC = NO;
				GCC_NO_COMMON_BLOCKS = YES;
				GCC_OPTIMIZATION_LEVEL = 0;
				GCC_PREPROCESSOR_DEFINITIONS = (
					"DEBUG=1",
					"$(inherited)",
				);
				GCC_WARN_64_TO_32_BIT_CONVERSION = YES;
				GCC_WARN_ABOUT_RETURN_TYPE = YES_ERROR;
				GCC_WARN_UNDECLARED_SELECTOR = YES;
				GCC_WARN_UNINITIALIZED_AUTOS = YES_AGGRESSIVE;
				GCC_WARN_UNUSED_FUNCTION = YES;
				GCC_WARN_UNUSED_VARIABLE = YES;
				LOCALIZATION_PREFERS_STRING_CATALOGS = YES;
				MTL_ENABLE_DEBUG_INFO = INCLUDE_SOURCE;
				MTL_FAST_MATH = YES;
				ONLY_ACTIVE_ARCH = YES;
				SWIFT_ACTIVE_COMPILATION_CONDITIONS = "DEBUG $(inherited)";
				SWIFT_OPTIMIZATION_LEVEL = "-Onone";
			};
			name = Debug;
		};
		7EF42A882CDEF68300BED377 /* Release */ = {
			isa = XCBuildConfiguration;
			buildSettings = {
				ALWAYS_SEARCH_USER_PATHS = NO;
				ASSETCATALOG_COMPILER_GENERATE_SWIFT_ASSET_SYMBOL_EXTENSIONS = YES;
				CLANG_ANALYZER_NONNULL = YES;
				CLANG_ANALYZER_NUMBER_OBJECT_CONVERSION = YES_AGGRESSIVE;
				CLANG_CXX_LANGUAGE_STANDARD = "gnu++20";
				CLANG_ENABLE_MODULES = YES;
				CLANG_ENABLE_OBJC_ARC = YES;
				CLANG_ENABLE_OBJC_WEAK = YES;
				CLANG_WARN_BLOCK_CAPTURE_AUTORELEASING = YES;
				CLANG_WARN_BOOL_CONVERSION = YES;
				CLANG_WARN_COMMA = YES;
				CLANG_WARN_CONSTANT_CONVERSION = YES;
				CLANG_WARN_DEPRECATED_OBJC_IMPLEMENTATIONS = YES;
				CLANG_WARN_DIRECT_OBJC_ISA_USAGE = YES_ERROR;
				CLANG_WARN_DOCUMENTATION_COMMENTS = YES;
				CLANG_WARN_EMPTY_BODY = YES;
				CLANG_WARN_ENUM_CONVERSION = YES;
				CLANG_WARN_INFINITE_RECURSION = YES;
				CLANG_WARN_INT_CONVERSION = YES;
				CLANG_WARN_NON_LITERAL_NULL_CONVERSION = YES;
				CLANG_WARN_OBJC_IMPLICIT_RETAIN_SELF = YES;
				CLANG_WARN_OBJC_LITERAL_CONVERSION = YES;
				CLANG_WARN_OBJC_ROOT_CLASS = YES_ERROR;
				CLANG_WARN_QUOTED_INCLUDE_IN_FRAMEWORK_HEADER = YES;
				CLANG_WARN_RANGE_LOOP_ANALYSIS = YES;
				CLANG_WARN_STRICT_PROTOTYPES = YES;
				CLANG_WARN_SUSPICIOUS_MOVE = YES;
				CLANG_WARN_UNGUARDED_AVAILABILITY = YES_AGGRESSIVE;
				CLANG_WARN_UNREACHABLE_CODE = YES;
				CLANG_WARN__DUPLICATE_METHOD_MATCH = YES;
				COPY_PHASE_STRIP = NO;
				DEBUG_INFORMATION_FORMAT = "dwarf-with-dsym";
				ENABLE_NS_ASSERTIONS = NO;
				ENABLE_STRICT_OBJC_MSGSEND = YES;
				ENABLE_USER_SCRIPT_SANDBOXING = YES;
				GCC_C_LANGUAGE_STANDARD = gnu17;
				GCC_NO_COMMON_BLOCKS = YES;
				GCC_WARN_64_TO_32_BIT_CONVERSION = YES;
				GCC_WARN_ABOUT_RETURN_TYPE = YES_ERROR;
				GCC_WARN_UNDECLARED_SELECTOR = YES;
				GCC_WARN_UNINITIALIZED_AUTOS = YES_AGGRESSIVE;
				GCC_WARN_UNUSED_FUNCTION = YES;
				GCC_WARN_UNUSED_VARIABLE = YES;
				LOCALIZATION_PREFERS_STRING_CATALOGS = YES;
				MTL_ENABLE_DEBUG_INFO = NO;
				MTL_FAST_MATH = YES;
				SWIFT_COMPILATION_MODE = wholemodule;
			};
			name = Release;
		};
		7EF42A8A2CDEF68300BED377 /* Debug */ = {
			isa = XCBuildConfiguration;
			buildSettings = {
				ASSETCATALOG_COMPILER_APPICON_NAME = AppIcon;
				ASSETCATALOG_COMPILER_GLOBAL_ACCENT_COLOR_NAME = AccentColor;
				CODE_SIGN_ENTITLEMENTS = PorValencia/PorValencia.entitlements;
				CODE_SIGN_STYLE = Automatic;
				CURRENT_PROJECT_VERSION = 1;
				DEVELOPMENT_ASSET_PATHS = "\"PorValencia/Preview Content\"";
				DEVELOPMENT_TEAM = TW562XCG9S;
				ENABLE_HARDENED_RUNTIME = YES;
				ENABLE_PREVIEWS = YES;
				GENERATE_INFOPLIST_FILE = YES;
				"INFOPLIST_KEY_UIApplicationSceneManifest_Generation[sdk=iphoneos*]" = YES;
				"INFOPLIST_KEY_UIApplicationSceneManifest_Generation[sdk=iphonesimulator*]" = YES;
				"INFOPLIST_KEY_UIApplicationSupportsIndirectInputEvents[sdk=iphoneos*]" = YES;
				"INFOPLIST_KEY_UIApplicationSupportsIndirectInputEvents[sdk=iphonesimulator*]" = YES;
				"INFOPLIST_KEY_UILaunchScreen_Generation[sdk=iphoneos*]" = YES;
				"INFOPLIST_KEY_UILaunchScreen_Generation[sdk=iphonesimulator*]" = YES;
				"INFOPLIST_KEY_UIStatusBarStyle[sdk=iphoneos*]" = UIStatusBarStyleDefault;
				"INFOPLIST_KEY_UIStatusBarStyle[sdk=iphonesimulator*]" = UIStatusBarStyleDefault;
				INFOPLIST_KEY_UISupportedInterfaceOrientations_iPad = "UIInterfaceOrientationPortrait UIInterfaceOrientationPortraitUpsideDown UIInterfaceOrientationLandscapeLeft UIInterfaceOrientationLandscapeRight";
				INFOPLIST_KEY_UISupportedInterfaceOrientations_iPhone = "UIInterfaceOrientationPortrait UIInterfaceOrientationLandscapeLeft UIInterfaceOrientationLandscapeRight";
				IPHONEOS_DEPLOYMENT_TARGET = 17.5;
				LD_RUNPATH_SEARCH_PATHS = "@executable_path/Frameworks";
				"LD_RUNPATH_SEARCH_PATHS[sdk=macosx*]" = "@executable_path/../Frameworks";
				MACOSX_DEPLOYMENT_TARGET = 14.1;
				MARKETING_VERSION = 1.0;
				PRODUCT_BUNDLE_IDENTIFIER = C.A.V.S.S.PorValencia;
				PRODUCT_NAME = "$(TARGET_NAME)";
				SDKROOT = auto;
				SUPPORTED_PLATFORMS = "iphoneos iphonesimulator macosx";
				SWIFT_EMIT_LOC_STRINGS = YES;
				SWIFT_VERSION = 5.0;
				TARGETED_DEVICE_FAMILY = "1,2";
			};
			name = Debug;
		};
		7EF42A8B2CDEF68300BED377 /* Release */ = {
			isa = XCBuildConfiguration;
			buildSettings = {
				ASSETCATALOG_COMPILER_APPICON_NAME = AppIcon;
				ASSETCATALOG_COMPILER_GLOBAL_ACCENT_COLOR_NAME = AccentColor;
				CODE_SIGN_ENTITLEMENTS = PorValencia/PorValencia.entitlements;
				CODE_SIGN_STYLE = Automatic;
				CURRENT_PROJECT_VERSION = 1;
				DEVELOPMENT_ASSET_PATHS = "\"PorValencia/Preview Content\"";
				DEVELOPMENT_TEAM = TW562XCG9S;
				ENABLE_HARDENED_RUNTIME = YES;
				ENABLE_PREVIEWS = YES;
				GENERATE_INFOPLIST_FILE = YES;
				"INFOPLIST_KEY_UIApplicationSceneManifest_Generation[sdk=iphoneos*]" = YES;
				"INFOPLIST_KEY_UIApplicationSceneManifest_Generation[sdk=iphonesimulator*]" = YES;
				"INFOPLIST_KEY_UIApplicationSupportsIndirectInputEvents[sdk=iphoneos*]" = YES;
				"INFOPLIST_KEY_UIApplicationSupportsIndirectInputEvents[sdk=iphonesimulator*]" = YES;
				"INFOPLIST_KEY_UILaunchScreen_Generation[sdk=iphoneos*]" = YES;
				"INFOPLIST_KEY_UILaunchScreen_Generation[sdk=iphonesimulator*]" = YES;
				"INFOPLIST_KEY_UIStatusBarStyle[sdk=iphoneos*]" = UIStatusBarStyleDefault;
				"INFOPLIST_KEY_UIStatusBarStyle[sdk=iphonesimulator*]" = UIStatusBarStyleDefault;
				INFOPLIST_KEY_UISupportedInterfaceOrientations_iPad = "UIInterfaceOrientationPortrait UIInterfaceOrientationPortraitUpsideDown UIInterfaceOrientationLandscapeLeft UIInterfaceOrientationLandscapeRight";
				INFOPLIST_KEY_UISupportedInterfaceOrientations_iPhone = "UIInterfaceOrientationPortrait UIInterfaceOrientationLandscapeLeft UIInterfaceOrientationLandscapeRight";
				IPHONEOS_DEPLOYMENT_TARGET = 17.5;
				LD_RUNPATH_SEARCH_PATHS = "@executable_path/Frameworks";
				"LD_RUNPATH_SEARCH_PATHS[sdk=macosx*]" = "@executable_path/../Frameworks";
				MACOSX_DEPLOYMENT_TARGET = 14.1;
				MARKETING_VERSION = 1.0;
				PRODUCT_BUNDLE_IDENTIFIER = C.A.V.S.S.PorValencia;
				PRODUCT_NAME = "$(TARGET_NAME)";
				SDKROOT = auto;
				SUPPORTED_PLATFORMS = "iphoneos iphonesimulator macosx";
				SWIFT_EMIT_LOC_STRINGS = YES;
				SWIFT_VERSION = 5.0;
				TARGETED_DEVICE_FAMILY = "1,2";
			};
			name = Release;
		};
		7EF42A8D2CDEF68300BED377 /* Debug */ = {
			isa = XCBuildConfiguration;
			buildSettings = {
				ALWAYS_EMBED_SWIFT_STANDARD_LIBRARIES = YES;
				BUNDLE_LOADER = "$(TEST_HOST)";
				CODE_SIGN_STYLE = Automatic;
				CURRENT_PROJECT_VERSION = 1;
				DEVELOPMENT_TEAM = TW562XCG9S;
				GENERATE_INFOPLIST_FILE = YES;
				IPHONEOS_DEPLOYMENT_TARGET = 17.5;
				MACOSX_DEPLOYMENT_TARGET = 14.1;
				MARKETING_VERSION = 1.0;
				PRODUCT_BUNDLE_IDENTIFIER = C.A.V.S.S.PorValenciaTests;
				PRODUCT_NAME = "$(TARGET_NAME)";
				SDKROOT = auto;
				SUPPORTED_PLATFORMS = "iphoneos iphonesimulator macosx";
				SWIFT_EMIT_LOC_STRINGS = NO;
				SWIFT_VERSION = 5.0;
				TARGETED_DEVICE_FAMILY = "1,2";
				TEST_HOST = "$(BUILT_PRODUCTS_DIR)/PorValencia.app/$(BUNDLE_EXECUTABLE_FOLDER_PATH)/PorValencia";
			};
			name = Debug;
		};
		7EF42A8E2CDEF68300BED377 /* Release */ = {
			isa = XCBuildConfiguration;
			buildSettings = {
				ALWAYS_EMBED_SWIFT_STANDARD_LIBRARIES = YES;
				BUNDLE_LOADER = "$(TEST_HOST)";
				CODE_SIGN_STYLE = Automatic;
				CURRENT_PROJECT_VERSION = 1;
				DEVELOPMENT_TEAM = TW562XCG9S;
				GENERATE_INFOPLIST_FILE = YES;
				IPHONEOS_DEPLOYMENT_TARGET = 17.5;
				MACOSX_DEPLOYMENT_TARGET = 14.1;
				MARKETING_VERSION = 1.0;
				PRODUCT_BUNDLE_IDENTIFIER = C.A.V.S.S.PorValenciaTests;
				PRODUCT_NAME = "$(TARGET_NAME)";
				SDKROOT = auto;
				SUPPORTED_PLATFORMS = "iphoneos iphonesimulator macosx";
				SWIFT_EMIT_LOC_STRINGS = NO;
				SWIFT_VERSION = 5.0;
				TARGETED_DEVICE_FAMILY = "1,2";
				TEST_HOST = "$(BUILT_PRODUCTS_DIR)/PorValencia.app/$(BUNDLE_EXECUTABLE_FOLDER_PATH)/PorValencia";
			};
			name = Release;
		};
		7EF42A902CDEF68300BED377 /* Debug */ = {
			isa = XCBuildConfiguration;
			buildSettings = {
				ALWAYS_EMBED_SWIFT_STANDARD_LIBRARIES = YES;
				CODE_SIGN_STYLE = Automatic;
				CURRENT_PROJECT_VERSION = 1;
				DEVELOPMENT_TEAM = TW562XCG9S;
				GENERATE_INFOPLIST_FILE = YES;
				IPHONEOS_DEPLOYMENT_TARGET = 17.5;
				MACOSX_DEPLOYMENT_TARGET = 14.1;
				MARKETING_VERSION = 1.0;
				PRODUCT_BUNDLE_IDENTIFIER = C.A.V.S.S.PorValenciaUITests;
				PRODUCT_NAME = "$(TARGET_NAME)";
				SDKROOT = auto;
				SUPPORTED_PLATFORMS = "iphoneos iphonesimulator macosx";
				SWIFT_EMIT_LOC_STRINGS = NO;
				SWIFT_VERSION = 5.0;
				TARGETED_DEVICE_FAMILY = "1,2";
				TEST_TARGET_NAME = PorValencia;
			};
			name = Debug;
		};
		7EF42A912CDEF68300BED377 /* Release */ = {
			isa = XCBuildConfiguration;
			buildSettings = {
				ALWAYS_EMBED_SWIFT_STANDARD_LIBRARIES = YES;
				CODE_SIGN_STYLE = Automatic;
				CURRENT_PROJECT_VERSION = 1;
				DEVELOPMENT_TEAM = TW562XCG9S;
				GENERATE_INFOPLIST_FILE = YES;
				IPHONEOS_DEPLOYMENT_TARGET = 17.5;
				MACOSX_DEPLOYMENT_TARGET = 14.1;
				MARKETING_VERSION = 1.0;
				PRODUCT_BUNDLE_IDENTIFIER = C.A.V.S.S.PorValenciaUITests;
				PRODUCT_NAME = "$(TARGET_NAME)";
				SDKROOT = auto;
				SUPPORTED_PLATFORMS = "iphoneos iphonesimulator macosx";
				SWIFT_EMIT_LOC_STRINGS = NO;
				SWIFT_VERSION = 5.0;
				TARGETED_DEVICE_FAMILY = "1,2";
				TEST_TARGET_NAME = PorValencia;
			};
			name = Release;
		};
/* End XCBuildConfiguration section */

/* Begin XCConfigurationList section */
		7EF42A5F2CDEF68200BED377 /* Build configuration list for PBXProject "PorValencia" */ = {
			isa = XCConfigurationList;
			buildConfigurations = (
				7EF42A872CDEF68300BED377 /* Debug */,
				7EF42A882CDEF68300BED377 /* Release */,
			);
			defaultConfigurationIsVisible = 0;
			defaultConfigurationName = Release;
		};
		7EF42A892CDEF68300BED377 /* Build configuration list for PBXNativeTarget "PorValencia" */ = {
			isa = XCConfigurationList;
			buildConfigurations = (
				7EF42A8A2CDEF68300BED377 /* Debug */,
				7EF42A8B2CDEF68300BED377 /* Release */,
			);
			defaultConfigurationIsVisible = 0;
			defaultConfigurationName = Release;
		};
		7EF42A8C2CDEF68300BED377 /* Build configuration list for PBXNativeTarget "PorValenciaTests" */ = {
			isa = XCConfigurationList;
			buildConfigurations = (
				7EF42A8D2CDEF68300BED377 /* Debug */,
				7EF42A8E2CDEF68300BED377 /* Release */,
			);
			defaultConfigurationIsVisible = 0;
			defaultConfigurationName = Release;
		};
		7EF42A8F2CDEF68300BED377 /* Build configuration list for PBXNativeTarget "PorValenciaUITests" */ = {
			isa = XCConfigurationList;
			buildConfigurations = (
				7EF42A902CDEF68300BED377 /* Debug */,
				7EF42A912CDEF68300BED377 /* Release */,
			);
			defaultConfigurationIsVisible = 0;
			defaultConfigurationName = Release;
		};
/* End XCConfigurationList section */
	};
	rootObject = 7EF42A5C2CDEF68200BED377 /* Project object */;
}
